
Microsoft Visual Studio Solution File, Format Version 12.00
# Visual Studio 15
Project("{FAE04EC0-301F-11D3-BF4B-00C04F79EFBC}") = "StudentLibrary", "StudentLibrary\StudentLibrary.csproj", "{2AD35734-6DB6-489B-85A2-090CD28E7640}"
EndProject
Global
	GlobalSection(SolutionConfigurationPlatforms) = preSolution
		Debug|Any CPU = Debug|Any CPU
		Release|Any CPU = Release|Any CPU
	EndGlobalSection
	GlobalSection(ProjectConfigurationPlatforms) = postSolution
		{2AD35734-6DB6-489B-85A2-090CD28E7640}.Debug|Any CPU.ActiveCfg = Debug|Any CPU
		{2AD35734-6DB6-489B-85A2-090CD28E7640}.Debug|Any CPU.Build.0 = Debug|Any CPU
		{2AD35734-6DB6-489B-85A2-090CD28E7640}.Release|Any CPU.ActiveCfg = Release|Any CPU
		{2AD35734-6DB6-489B-85A2-090CD28E7640}.Release|Any CPU.Build.0 = Release|Any CPU
	EndGlobalSection
EndGlobal
