
Microsoft Visual Studio Solution File, Format Version 12.00
# Visual Studio 15
Project("{FAE04EC0-301F-11D3-BF4B-00C04F79EFBC}") = "StudentLibrary", "StudentLibrary\StudentLibrary.csproj", "{2AD35734-6DB6-489B-85A2-090CD28E7640}"
EndProject
Project("{FAE04EC0-301F-11D3-BF4B-00C04F79EFBC}") = "Utils", "Utils\Utils.csproj", "{010917BD-E34B-42EF-BEC4-086773E750EF}"
EndProject
Project("{FAE04EC0-301F-11D3-BF4B-00C04F79EFBC}") = "StudentsAnalyzer", "StudentsAnalyzer\StudentsAnalyzer.csproj", "{4A24914F-3013-41E1-BE74-8C56F921899C}"
EndProject
Project("{FAE04EC0-301F-11D3-BF4B-00C04F79EFBC}") = "StudentGenerator", "StudentGenerator\StudentGenerator.csproj", "{E2D3B9A9-A923-4811-A051-DEE57C409849}"
EndProject
Project("{FAE04EC0-301F-11D3-BF4B-00C04F79EFBC}") = "Tests", "Tests\Tests.csproj", "{8F6E301F-7096-4C4D-902A-21DB3672949D}"
EndProject
Global
	GlobalSection(SolutionConfigurationPlatforms) = preSolution
		Debug|Any CPU = Debug|Any CPU
		Release|Any CPU = Release|Any CPU
	EndGlobalSection
	GlobalSection(ProjectConfigurationPlatforms) = postSolution
		{2AD35734-6DB6-489B-85A2-090CD28E7640}.Debug|Any CPU.ActiveCfg = Debug|Any CPU
		{2AD35734-6DB6-489B-85A2-090CD28E7640}.Debug|Any CPU.Build.0 = Debug|Any CPU
		{2AD35734-6DB6-489B-85A2-090CD28E7640}.Release|Any CPU.ActiveCfg = Release|Any CPU
		{2AD35734-6DB6-489B-85A2-090CD28E7640}.Release|Any CPU.Build.0 = Release|Any CPU
		{010917BD-E34B-42EF-BEC4-086773E750EF}.Debug|Any CPU.ActiveCfg = Debug|Any CPU
		{010917BD-E34B-42EF-BEC4-086773E750EF}.Debug|Any CPU.Build.0 = Debug|Any CPU
		{010917BD-E34B-42EF-BEC4-086773E750EF}.Release|Any CPU.ActiveCfg = Release|Any CPU
		{010917BD-E34B-42EF-BEC4-086773E750EF}.Release|Any CPU.Build.0 = Release|Any CPU
		{4A24914F-3013-41E1-BE74-8C56F921899C}.Debug|Any CPU.ActiveCfg = Debug|Any CPU
		{4A24914F-3013-41E1-BE74-8C56F921899C}.Debug|Any CPU.Build.0 = Debug|Any CPU
		{4A24914F-3013-41E1-BE74-8C56F921899C}.Release|Any CPU.ActiveCfg = Release|Any CPU
		{4A24914F-3013-41E1-BE74-8C56F921899C}.Release|Any CPU.Build.0 = Release|Any CPU
		{E2D3B9A9-A923-4811-A051-DEE57C409849}.Debug|Any CPU.ActiveCfg = Debug|Any CPU
		{E2D3B9A9-A923-4811-A051-DEE57C409849}.Debug|Any CPU.Build.0 = Debug|Any CPU
		{E2D3B9A9-A923-4811-A051-DEE57C409849}.Release|Any CPU.ActiveCfg = Release|Any CPU
		{E2D3B9A9-A923-4811-A051-DEE57C409849}.Release|Any CPU.Build.0 = Release|Any CPU
		{8F6E301F-7096-4C4D-902A-21DB3672949D}.Debug|Any CPU.ActiveCfg = Debug|Any CPU
		{8F6E301F-7096-4C4D-902A-21DB3672949D}.Debug|Any CPU.Build.0 = Debug|Any CPU
		{8F6E301F-7096-4C4D-902A-21DB3672949D}.Release|Any CPU.ActiveCfg = Release|Any CPU
		{8F6E301F-7096-4C4D-902A-21DB3672949D}.Release|Any CPU.Build.0 = Release|Any CPU
	EndGlobalSection
EndGlobal
